
Microsoft Visual Studio Solution File, Format Version 12.00
# Visual Studio Version 16
VisualStudioVersion = 16.0.30611.23
MinimumVisualStudioVersion = 10.0.40219.1
Project("{FAE04EC0-301F-11D3-BF4B-00C04F79EFBC}") = "Shopii", "Shopii\Shopii.csproj", "{A80C8433-37FB-4223-8DC7-EBCF6DBA88EC}"
EndProject
Global
	GlobalSection(SolutionConfigurationPlatforms) = preSolution
		Debug|Any CPU = Debug|Any CPU
		Release|Any CPU = Release|Any CPU
	EndGlobalSection
	GlobalSection(ProjectConfigurationPlatforms) = postSolution
		{A80C8433-37FB-4223-8DC7-EBCF6DBA88EC}.Debug|Any CPU.ActiveCfg = Debug|Any CPU
		{A80C8433-37FB-4223-8DC7-EBCF6DBA88EC}.Debug|Any CPU.Build.0 = Debug|Any CPU
		{A80C8433-37FB-4223-8DC7-EBCF6DBA88EC}.Release|Any CPU.ActiveCfg = Release|Any CPU
		{A80C8433-37FB-4223-8DC7-EBCF6DBA88EC}.Release|Any CPU.Build.0 = Release|Any CPU
	EndGlobalSection
	GlobalSection(SolutionProperties) = preSolution
		HideSolutionNode = FALSE
	EndGlobalSection
	GlobalSection(ExtensibilityGlobals) = postSolution
		SolutionGuid = {1BF5B028-1A34-4C81-93EE-30475B673BF2}
	EndGlobalSection
EndGlobal
